// !$*UTF8*$!
{
	archiveVersion = 1;
	classes = {
	};
	objectVersion = 77;
	objects = {

/* Begin PBXBuildFile section */
		49A95A602E6455FC00F55EC5 /* BookM Watch App.app in Embed Watch Content */ = {isa = PBXBuildFile; fileRef = 49A95A5F2E6455FC00F55EC5 /* BookM Watch App.app */; settings = {ATTRIBUTES = (RemoveHeadersOnCopy, ); }; };
		49A95A8B2E646BBB00F55EC5 /* SwiftUI Apple Watch Decimal Pad in Frameworks */ = {isa = PBXBuildFile; productRef = 49A95A8A2E646BBB00F55EC5 /* SwiftUI Apple Watch Decimal Pad */; };
		49A95B062E658E9100F55EC5 /* WidgetKit.framework in Frameworks */ = {isa = PBXBuildFile; fileRef = 49A95ACA2E648F9500F55EC5 /* WidgetKit.framework */; };
		49A95B072E658E9100F55EC5 /* SwiftUI.framework in Frameworks */ = {isa = PBXBuildFile; fileRef = 49A95ACC2E648F9500F55EC5 /* SwiftUI.framework */; };
		49A95B102E658E9400F55EC5 /* BookM WidgetExtension.appex in Embed Foundation Extensions */ = {isa = PBXBuildFile; fileRef = 49A95B052E658E9100F55EC5 /* BookM WidgetExtension.appex */; settings = {ATTRIBUTES = (RemoveHeadersOnCopy, ); }; };
		49A95B492E65B9CB00F55EC5 /* readme.md in Resources */ = {isa = PBXBuildFile; fileRef = 49A95B482E65B9C400F55EC5 /* readme.md */; };
/* End PBXBuildFile section */

/* Begin PBXContainerItemProxy section */
		49A95A612E6455FC00F55EC5 /* PBXContainerItemProxy */ = {
			isa = PBXContainerItemProxy;
			containerPortal = 49A95A532E6455FC00F55EC5 /* Project object */;
			proxyType = 1;
			remoteGlobalIDString = 49A95A5E2E6455FC00F55EC5;
			remoteInfo = "BookM Watch App";
		};
		49A95B0E2E658E9400F55EC5 /* PBXContainerItemProxy */ = {
			isa = PBXContainerItemProxy;
			containerPortal = 49A95A532E6455FC00F55EC5 /* Project object */;
			proxyType = 1;
			remoteGlobalIDString = 49A95B042E658E9100F55EC5;
			remoteInfo = "BookM WidgetExtension";
		};
/* End PBXContainerItemProxy section */

/* Begin PBXCopyFilesBuildPhase section */
		49A95A6F2E6455FF00F55EC5 /* Embed Watch Content */ = {
			isa = PBXCopyFilesBuildPhase;
			buildActionMask = 2147483647;
			dstPath = "$(CONTENTS_FOLDER_PATH)/Watch";
			dstSubfolderSpec = 16;
			files = (
				49A95A602E6455FC00F55EC5 /* BookM Watch App.app in Embed Watch Content */,
			);
			name = "Embed Watch Content";
			runOnlyForDeploymentPostprocessing = 0;
		};
		49A95AAC2E6479DF00F55EC5 /* Embed Foundation Extensions */ = {
			isa = PBXCopyFilesBuildPhase;
			buildActionMask = 2147483647;
			dstPath = "";
			dstSubfolderSpec = 13;
			files = (
				49A95B102E658E9400F55EC5 /* BookM WidgetExtension.appex in Embed Foundation Extensions */,
			);
			name = "Embed Foundation Extensions";
			runOnlyForDeploymentPostprocessing = 0;
		};
/* End PBXCopyFilesBuildPhase section */

/* Begin PBXFileReference section */
		49A95A592E6455FC00F55EC5 /* BookM.app */ = {isa = PBXFileReference; explicitFileType = wrapper.application; includeInIndex = 0; path = BookM.app; sourceTree = BUILT_PRODUCTS_DIR; };
		49A95A5F2E6455FC00F55EC5 /* BookM Watch App.app */ = {isa = PBXFileReference; explicitFileType = wrapper.application; includeInIndex = 0; path = "BookM Watch App.app"; sourceTree = BUILT_PRODUCTS_DIR; };
		49A95ACA2E648F9500F55EC5 /* WidgetKit.framework */ = {isa = PBXFileReference; lastKnownFileType = wrapper.framework; name = WidgetKit.framework; path = System/Library/Frameworks/WidgetKit.framework; sourceTree = SDKROOT; };
		49A95ACC2E648F9500F55EC5 /* SwiftUI.framework */ = {isa = PBXFileReference; lastKnownFileType = wrapper.framework; name = SwiftUI.framework; path = System/Library/Frameworks/SwiftUI.framework; sourceTree = SDKROOT; };
		49A95ADB2E648FB100F55EC5 /* BookM WidgetExtension.entitlements */ = {isa = PBXFileReference; lastKnownFileType = text.plist.entitlements; path = "BookM WidgetExtension.entitlements"; sourceTree = "<group>"; };
		49A95B052E658E9100F55EC5 /* BookM WidgetExtension.appex */ = {isa = PBXFileReference; explicitFileType = "wrapper.app-extension"; includeInIndex = 0; path = "BookM WidgetExtension.appex"; sourceTree = BUILT_PRODUCTS_DIR; };
		49A95B482E65B9C400F55EC5 /* readme.md */ = {isa = PBXFileReference; lastKnownFileType = net.daringfireball.markdown; path = readme.md; sourceTree = "<group>"; };
/* End PBXFileReference section */

/* Begin PBXFileSystemSynchronizedBuildFileExceptionSet section */
		49A95B112E658E9400F55EC5 /* Exceptions for "BookM Widget" folder in "BookM WidgetExtension" target */ = {
			isa = PBXFileSystemSynchronizedBuildFileExceptionSet;
			membershipExceptions = (
				Info.plist,
			);
			target = 49A95B042E658E9100F55EC5 /* BookM WidgetExtension */;
		};
/* End PBXFileSystemSynchronizedBuildFileExceptionSet section */

/* Begin PBXFileSystemSynchronizedRootGroup section */
		49A95A632E6455FC00F55EC5 /* BookM Watch App */ = {
			isa = PBXFileSystemSynchronizedRootGroup;
			path = "BookM Watch App";
			sourceTree = "<group>";
		};
		49A95B082E658E9100F55EC5 /* BookM Widget */ = {
			isa = PBXFileSystemSynchronizedRootGroup;
			exceptions = (
				49A95B112E658E9400F55EC5 /* Exceptions for "BookM Widget" folder in "BookM WidgetExtension" target */,
			);
			path = "BookM Widget";
			sourceTree = "<group>";
		};
/* End PBXFileSystemSynchronizedRootGroup section */

/* Begin PBXFrameworksBuildPhase section */
		49A95A5C2E6455FC00F55EC5 /* Frameworks */ = {
			isa = PBXFrameworksBuildPhase;
			buildActionMask = 2147483647;
			files = (
				49A95A8B2E646BBB00F55EC5 /* SwiftUI Apple Watch Decimal Pad in Frameworks */,
			);
			runOnlyForDeploymentPostprocessing = 0;
		};
		49A95B022E658E9100F55EC5 /* Frameworks */ = {
			isa = PBXFrameworksBuildPhase;
			buildActionMask = 2147483647;
			files = (
				49A95B072E658E9100F55EC5 /* SwiftUI.framework in Frameworks */,
				49A95B062E658E9100F55EC5 /* WidgetKit.framework in Frameworks */,
			);
			runOnlyForDeploymentPostprocessing = 0;
		};
/* End PBXFrameworksBuildPhase section */

/* Begin PBXGroup section */
		49A95A522E6455FC00F55EC5 = {
			isa = PBXGroup;
			children = (
				49A95B482E65B9C400F55EC5 /* readme.md */,
				49A95ADB2E648FB100F55EC5 /* BookM WidgetExtension.entitlements */,
				49A95A632E6455FC00F55EC5 /* BookM Watch App */,
				49A95B082E658E9100F55EC5 /* BookM Widget */,
				49A95AC92E648F9500F55EC5 /* Frameworks */,
				49A95A5A2E6455FC00F55EC5 /* Products */,
			);
			sourceTree = "<group>";
		};
		49A95A5A2E6455FC00F55EC5 /* Products */ = {
			isa = PBXGroup;
			children = (
				49A95A592E6455FC00F55EC5 /* BookM.app */,
				49A95A5F2E6455FC00F55EC5 /* BookM Watch App.app */,
				49A95B052E658E9100F55EC5 /* BookM WidgetExtension.appex */,
			);
			name = Products;
			sourceTree = "<group>";
		};
		49A95AC92E648F9500F55EC5 /* Frameworks */ = {
			isa = PBXGroup;
			children = (
				49A95ACA2E648F9500F55EC5 /* WidgetKit.framework */,
				49A95ACC2E648F9500F55EC5 /* SwiftUI.framework */,
			);
			name = Frameworks;
			sourceTree = "<group>";
		};
/* End PBXGroup section */

/* Begin PBXNativeTarget section */
		49A95A582E6455FC00F55EC5 /* BookM */ = {
			isa = PBXNativeTarget;
			buildConfigurationList = 49A95A702E6455FF00F55EC5 /* Build configuration list for PBXNativeTarget "BookM" */;
			buildPhases = (
				49A95A572E6455FC00F55EC5 /* Resources */,
				49A95A6F2E6455FF00F55EC5 /* Embed Watch Content */,
			);
			buildRules = (
			);
			dependencies = (
				49A95A622E6455FC00F55EC5 /* PBXTargetDependency */,
			);
			name = BookM;
			packageProductDependencies = (
			);
			productName = BookM;
			productReference = 49A95A592E6455FC00F55EC5 /* BookM.app */;
			productType = "com.apple.product-type.application.watchapp2-container";
		};
		49A95A5E2E6455FC00F55EC5 /* BookM Watch App */ = {
			isa = PBXNativeTarget;
			buildConfigurationList = 49A95A6C2E6455FF00F55EC5 /* Build configuration list for PBXNativeTarget "BookM Watch App" */;
			buildPhases = (
				49A95A5B2E6455FC00F55EC5 /* Sources */,
				49A95A5C2E6455FC00F55EC5 /* Frameworks */,
				49A95A5D2E6455FC00F55EC5 /* Resources */,
				49A95AAC2E6479DF00F55EC5 /* Embed Foundation Extensions */,
			);
			buildRules = (
			);
			dependencies = (
				49A95B0F2E658E9400F55EC5 /* PBXTargetDependency */,
			);
			fileSystemSynchronizedGroups = (
				49A95A632E6455FC00F55EC5 /* BookM Watch App */,
			);
			name = "BookM Watch App";
			packageProductDependencies = (
				49A95A8A2E646BBB00F55EC5 /* SwiftUI Apple Watch Decimal Pad */,
			);
			productName = "BookM Watch App";
			productReference = 49A95A5F2E6455FC00F55EC5 /* BookM Watch App.app */;
			productType = "com.apple.product-type.application";
		};
		49A95B042E658E9100F55EC5 /* BookM WidgetExtension */ = {
			isa = PBXNativeTarget;
			buildConfigurationList = 49A95B122E658E9400F55EC5 /* Build configuration list for PBXNativeTarget "BookM WidgetExtension" */;
			buildPhases = (
				49A95B012E658E9100F55EC5 /* Sources */,
				49A95B022E658E9100F55EC5 /* Frameworks */,
				49A95B032E658E9100F55EC5 /* Resources */,
			);
			buildRules = (
			);
			dependencies = (
			);
			fileSystemSynchronizedGroups = (
				49A95B082E658E9100F55EC5 /* BookM Widget */,
			);
			name = "BookM WidgetExtension";
			packageProductDependencies = (
			);
			productName = "BookM WidgetExtension";
			productReference = 49A95B052E658E9100F55EC5 /* BookM WidgetExtension.appex */;
			productType = "com.apple.product-type.app-extension";
		};
/* End PBXNativeTarget section */

/* Begin PBXProject section */
		49A95A532E6455FC00F55EC5 /* Project object */ = {
			isa = PBXProject;
			attributes = {
				BuildIndependentTargetsInParallel = 1;
				LastSwiftUpdateCheck = 1640;
				LastUpgradeCheck = 1640;
				TargetAttributes = {
					49A95A582E6455FC00F55EC5 = {
						CreatedOnToolsVersion = 16.4;
					};
					49A95A5E2E6455FC00F55EC5 = {
						CreatedOnToolsVersion = 16.4;
					};
					49A95B042E658E9100F55EC5 = {
						CreatedOnToolsVersion = 16.4;
						LastSwiftMigration = 1640;
					};
				};
			};
			buildConfigurationList = 49A95A562E6455FC00F55EC5 /* Build configuration list for PBXProject "BookM" */;
			developmentRegion = en;
			hasScannedForEncodings = 0;
			knownRegions = (
				en,
				Base,
			);
			mainGroup = 49A95A522E6455FC00F55EC5;
			minimizedProjectReferenceProxies = 1;
			packageReferences = (
				49A95A892E646BBB00F55EC5 /* XCRemoteSwiftPackageReference "SwiftUI-Apple-Watch-Decimal-Pad" */,
			);
			preferredProjectObjectVersion = 77;
			productRefGroup = 49A95A5A2E6455FC00F55EC5 /* Products */;
			projectDirPath = "";
			projectRoot = "";
			targets = (
				49A95A582E6455FC00F55EC5 /* BookM */,
				49A95A5E2E6455FC00F55EC5 /* BookM Watch App */,
				49A95B042E658E9100F55EC5 /* BookM WidgetExtension */,
			);
		};
/* End PBXProject section */

/* Begin PBXResourcesBuildPhase section */
		49A95A572E6455FC00F55EC5 /* Resources */ = {
			isa = PBXResourcesBuildPhase;
			buildActionMask = 2147483647;
			files = (
			);
			runOnlyForDeploymentPostprocessing = 0;
		};
		49A95A5D2E6455FC00F55EC5 /* Resources */ = {
			isa = PBXResourcesBuildPhase;
			buildActionMask = 2147483647;
			files = (
				49A95B492E65B9CB00F55EC5 /* readme.md in Resources */,
			);
			runOnlyForDeploymentPostprocessing = 0;
		};
		49A95B032E658E9100F55EC5 /* Resources */ = {
			isa = PBXResourcesBuildPhase;
			buildActionMask = 2147483647;
			files = (
			);
			runOnlyForDeploymentPostprocessing = 0;
		};
/* End PBXResourcesBuildPhase section */

/* Begin PBXSourcesBuildPhase section */
		49A95A5B2E6455FC00F55EC5 /* Sources */ = {
			isa = PBXSourcesBuildPhase;
			buildActionMask = 2147483647;
			files = (
			);
			runOnlyForDeploymentPostprocessing = 0;
		};
		49A95B012E658E9100F55EC5 /* Sources */ = {
			isa = PBXSourcesBuildPhase;
			buildActionMask = 2147483647;
			files = (
			);
			runOnlyForDeploymentPostprocessing = 0;
		};
/* End PBXSourcesBuildPhase section */

/* Begin PBXTargetDependency section */
		49A95A622E6455FC00F55EC5 /* PBXTargetDependency */ = {
			isa = PBXTargetDependency;
			target = 49A95A5E2E6455FC00F55EC5 /* BookM Watch App */;
			targetProxy = 49A95A612E6455FC00F55EC5 /* PBXContainerItemProxy */;
		};
		49A95B0F2E658E9400F55EC5 /* PBXTargetDependency */ = {
			isa = PBXTargetDependency;
			target = 49A95B042E658E9100F55EC5 /* BookM WidgetExtension */;
			targetProxy = 49A95B0E2E658E9400F55EC5 /* PBXContainerItemProxy */;
		};
/* End PBXTargetDependency section */

/* Begin XCBuildConfiguration section */
		49A95A6A2E6455FF00F55EC5 /* Debug */ = {
			isa = XCBuildConfiguration;
			buildSettings = {
				ALWAYS_SEARCH_USER_PATHS = NO;
				ASSETCATALOG_COMPILER_GENERATE_SWIFT_ASSET_SYMBOL_EXTENSIONS = YES;
				CLANG_ANALYZER_NONNULL = YES;
				CLANG_ANALYZER_NUMBER_OBJECT_CONVERSION = YES_AGGRESSIVE;
				CLANG_CXX_LANGUAGE_STANDARD = "gnu++20";
				CLANG_ENABLE_MODULES = YES;
				CLANG_ENABLE_OBJC_ARC = YES;
				CLANG_ENABLE_OBJC_WEAK = YES;
				CLANG_WARN_BLOCK_CAPTURE_AUTORELEASING = YES;
				CLANG_WARN_BOOL_CONVERSION = YES;
				CLANG_WARN_COMMA = YES;
				CLANG_WARN_CONSTANT_CONVERSION = YES;
				CLANG_WARN_DEPRECATED_OBJC_IMPLEMENTATIONS = YES;
				CLANG_WARN_DIRECT_OBJC_ISA_USAGE = YES_ERROR;
				CLANG_WARN_DOCUMENTATION_COMMENTS = YES;
				CLANG_WARN_EMPTY_BODY = YES;
				CLANG_WARN_ENUM_CONVERSION = YES;
				CLANG_WARN_INFINITE_RECURSION = YES;
				CLANG_WARN_INT_CONVERSION = YES;
				CLANG_WARN_NON_LITERAL_NULL_CONVERSION = YES;
				CLANG_WARN_OBJC_IMPLICIT_RETAIN_SELF = YES;
				CLANG_WARN_OBJC_LITERAL_CONVERSION = YES;
				CLANG_WARN_OBJC_ROOT_CLASS = YES_ERROR;
				CLANG_WARN_QUOTED_INCLUDE_IN_FRAMEWORK_HEADER = YES;
				CLANG_WARN_RANGE_LOOP_ANALYSIS = YES;
				CLANG_WARN_STRICT_PROTOTYPES = YES;
				CLANG_WARN_SUSPICIOUS_MOVE = YES;
				CLANG_WARN_UNGUARDED_AVAILABILITY = YES_AGGRESSIVE;
				CLANG_WARN_UNREACHABLE_CODE = YES;
				CLANG_WARN__DUPLICATE_METHOD_MATCH = YES;
				COPY_PHASE_STRIP = NO;
				DEBUG_INFORMATION_FORMAT = dwarf;
				DEVELOPMENT_TEAM = 3A7L2K9FN2;
				ENABLE_STRICT_OBJC_MSGSEND = YES;
				ENABLE_TESTABILITY = YES;
				ENABLE_USER_SCRIPT_SANDBOXING = YES;
				GCC_C_LANGUAGE_STANDARD = gnu17;
				GCC_DYNAMIC_NO_PIC = NO;
				GCC_NO_COMMON_BLOCKS = YES;
				GCC_OPTIMIZATION_LEVEL = 0;
				GCC_PREPROCESSOR_DEFINITIONS = (
					"DEBUG=1",
					"$(inherited)",
				);
				GCC_WARN_64_TO_32_BIT_CONVERSION = YES;
				GCC_WARN_ABOUT_RETURN_TYPE = YES_ERROR;
				GCC_WARN_UNDECLARED_SELECTOR = YES;
				GCC_WARN_UNINITIALIZED_AUTOS = YES_AGGRESSIVE;
				GCC_WARN_UNUSED_FUNCTION = YES;
				GCC_WARN_UNUSED_VARIABLE = YES;
				LOCALIZATION_PREFERS_STRING_CATALOGS = YES;
				MTL_ENABLE_DEBUG_INFO = INCLUDE_SOURCE;
				MTL_FAST_MATH = YES;
				ONLY_ACTIVE_ARCH = YES;
				SWIFT_ACTIVE_COMPILATION_CONDITIONS = "DEBUG $(inherited)";
				SWIFT_OPTIMIZATION_LEVEL = "-Onone";
			};
			name = Debug;
		};
		49A95A6B2E6455FF00F55EC5 /* Release */ = {
			isa = XCBuildConfiguration;
			buildSettings = {
				ALWAYS_SEARCH_USER_PATHS = NO;
				ASSETCATALOG_COMPILER_GENERATE_SWIFT_ASSET_SYMBOL_EXTENSIONS = YES;
				CLANG_ANALYZER_NONNULL = YES;
				CLANG_ANALYZER_NUMBER_OBJECT_CONVERSION = YES_AGGRESSIVE;
				CLANG_CXX_LANGUAGE_STANDARD = "gnu++20";
				CLANG_ENABLE_MODULES = YES;
				CLANG_ENABLE_OBJC_ARC = YES;
				CLANG_ENABLE_OBJC_WEAK = YES;
				CLANG_WARN_BLOCK_CAPTURE_AUTORELEASING = YES;
				CLANG_WARN_BOOL_CONVERSION = YES;
				CLANG_WARN_COMMA = YES;
				CLANG_WARN_CONSTANT_CONVERSION = YES;
				CLANG_WARN_DEPRECATED_OBJC_IMPLEMENTATIONS = YES;
				CLANG_WARN_DIRECT_OBJC_ISA_USAGE = YES_ERROR;
				CLANG_WARN_DOCUMENTATION_COMMENTS = YES;
				CLANG_WARN_EMPTY_BODY = YES;
				CLANG_WARN_ENUM_CONVERSION = YES;
				CLANG_WARN_INFINITE_RECURSION = YES;
				CLANG_WARN_INT_CONVERSION = YES;
				CLANG_WARN_NON_LITERAL_NULL_CONVERSION = YES;
				CLANG_WARN_OBJC_IMPLICIT_RETAIN_SELF = YES;
				CLANG_WARN_OBJC_LITERAL_CONVERSION = YES;
				CLANG_WARN_OBJC_ROOT_CLASS = YES_ERROR;
				CLANG_WARN_QUOTED_INCLUDE_IN_FRAMEWORK_HEADER = YES;
				CLANG_WARN_RANGE_LOOP_ANALYSIS = YES;
				CLANG_WARN_STRICT_PROTOTYPES = YES;
				CLANG_WARN_SUSPICIOUS_MOVE = YES;
				CLANG_WARN_UNGUARDED_AVAILABILITY = YES_AGGRESSIVE;
				CLANG_WARN_UNREACHABLE_CODE = YES;
				CLANG_WARN__DUPLICATE_METHOD_MATCH = YES;
				COPY_PHASE_STRIP = NO;
				DEBUG_INFORMATION_FORMAT = "dwarf-with-dsym";
				DEVELOPMENT_TEAM = 3A7L2K9FN2;
				ENABLE_NS_ASSERTIONS = NO;
				ENABLE_STRICT_OBJC_MSGSEND = YES;
				ENABLE_USER_SCRIPT_SANDBOXING = YES;
				GCC_C_LANGUAGE_STANDARD = gnu17;
				GCC_NO_COMMON_BLOCKS = YES;
				GCC_WARN_64_TO_32_BIT_CONVERSION = YES;
				GCC_WARN_ABOUT_RETURN_TYPE = YES_ERROR;
				GCC_WARN_UNDECLARED_SELECTOR = YES;
				GCC_WARN_UNINITIALIZED_AUTOS = YES_AGGRESSIVE;
				GCC_WARN_UNUSED_FUNCTION = YES;
				GCC_WARN_UNUSED_VARIABLE = YES;
				LOCALIZATION_PREFERS_STRING_CATALOGS = YES;
				MTL_ENABLE_DEBUG_INFO = NO;
				MTL_FAST_MATH = YES;
				SWIFT_COMPILATION_MODE = wholemodule;
			};
			name = Release;
		};
		49A95A6D2E6455FF00F55EC5 /* Debug */ = {
			isa = XCBuildConfiguration;
			buildSettings = {
				ASSETCATALOG_COMPILER_APPICON_NAME = AppIcon;
				ASSETCATALOG_COMPILER_GLOBAL_ACCENT_COLOR_NAME = AccentColor;
				CODE_SIGN_ENTITLEMENTS = "BookM Watch App/BookM Watch App.entitlements";
				CODE_SIGN_STYLE = Automatic;
				CURRENT_PROJECT_VERSION = 1;
				DEVELOPMENT_TEAM = 3A7L2K9FN2;
				ENABLE_PREVIEWS = YES;
				GENERATE_INFOPLIST_FILE = YES;
				INFOPLIST_KEY_CFBundleDisplayName = BookM;
				INFOPLIST_KEY_UISupportedInterfaceOrientations = "UIInterfaceOrientationPortrait UIInterfaceOrientationPortraitUpsideDown";
				INFOPLIST_KEY_WKWatchOnly = YES;
				LD_RUNPATH_SEARCH_PATHS = (
					"$(inherited)",
					"@executable_path/Frameworks",
				);
				MARKETING_VERSION = 1.0;
				PRODUCT_BUNDLE_IDENTIFIER = com.slvnn.BookM.watchkitapp;
				PRODUCT_NAME = "$(TARGET_NAME)";
				SDKROOT = watchos;
				SKIP_INSTALL = YES;
				SWIFT_EMIT_LOC_STRINGS = YES;
				SWIFT_VERSION = 5.0;
				TARGETED_DEVICE_FAMILY = 4;
				WATCHOS_DEPLOYMENT_TARGET = 11.5;
			};
			name = Debug;
		};
		49A95A6E2E6455FF00F55EC5 /* Release */ = {
			isa = XCBuildConfiguration;
			buildSettings = {
				ASSETCATALOG_COMPILER_APPICON_NAME = AppIcon;
				ASSETCATALOG_COMPILER_GLOBAL_ACCENT_COLOR_NAME = AccentColor;
				CODE_SIGN_ENTITLEMENTS = "BookM Watch App/BookM Watch App.entitlements";
				CODE_SIGN_STYLE = Automatic;
				CURRENT_PROJECT_VERSION = 1;
				DEVELOPMENT_TEAM = 3A7L2K9FN2;
				ENABLE_PREVIEWS = YES;
				GENERATE_INFOPLIST_FILE = YES;
				INFOPLIST_KEY_CFBundleDisplayName = BookM;
				INFOPLIST_KEY_UISupportedInterfaceOrientations = "UIInterfaceOrientationPortrait UIInterfaceOrientationPortraitUpsideDown";
				INFOPLIST_KEY_WKWatchOnly = YES;
				LD_RUNPATH_SEARCH_PATHS = (
					"$(inherited)",
					"@executable_path/Frameworks",
				);
				MARKETING_VERSION = 1.0;
				PRODUCT_BUNDLE_IDENTIFIER = com.slvnn.BookM.watchkitapp;
				PRODUCT_NAME = "$(TARGET_NAME)";
				SDKROOT = watchos;
				SKIP_INSTALL = YES;
				SWIFT_EMIT_LOC_STRINGS = YES;
				SWIFT_VERSION = 5.0;
				TARGETED_DEVICE_FAMILY = 4;
				VALIDATE_PRODUCT = YES;
				WATCHOS_DEPLOYMENT_TARGET = 11.5;
			};
			name = Release;
		};
		49A95A712E6455FF00F55EC5 /* Debug */ = {
			isa = XCBuildConfiguration;
			buildSettings = {
				CODE_SIGN_STYLE = Automatic;
				CURRENT_PROJECT_VERSION = 1;
				DEVELOPMENT_TEAM = 3A7L2K9FN2;
				INFOPLIST_KEY_CFBundleDisplayName = BookM;
				MARKETING_VERSION = 1.0;
				PRODUCT_BUNDLE_IDENTIFIER = com.slvnn.BookM;
				PRODUCT_NAME = "$(TARGET_NAME)";
				SDKROOT = iphoneos;
				SWIFT_VERSION = 5.0;
			};
			name = Debug;
		};
		49A95A722E6455FF00F55EC5 /* Release */ = {
			isa = XCBuildConfiguration;
			buildSettings = {
				CODE_SIGN_STYLE = Automatic;
				CURRENT_PROJECT_VERSION = 1;
				DEVELOPMENT_TEAM = 3A7L2K9FN2;
				INFOPLIST_KEY_CFBundleDisplayName = BookM;
				MARKETING_VERSION = 1.0;
				PRODUCT_BUNDLE_IDENTIFIER = com.slvnn.BookM;
				PRODUCT_NAME = "$(TARGET_NAME)";
				SDKROOT = iphoneos;
				SWIFT_VERSION = 5.0;
				VALIDATE_PRODUCT = YES;
			};
			name = Release;
		};
		49A95B132E658E9400F55EC5 /* Debug */ = {
			isa = XCBuildConfiguration;
			buildSettings = {
				ASSETCATALOG_COMPILER_GLOBAL_ACCENT_COLOR_NAME = AccentColor;
				ASSETCATALOG_COMPILER_WIDGET_BACKGROUND_COLOR_NAME = WidgetBackground;
				CLANG_ENABLE_MODULES = YES;
				CODE_SIGN_ENTITLEMENTS = "BookM WidgetExtension.entitlements";
				CODE_SIGN_STYLE = Automatic;
				CURRENT_PROJECT_VERSION = 1;
				DEVELOPMENT_TEAM = 3A7L2K9FN2;
				GENERATE_INFOPLIST_FILE = YES;
				INFOPLIST_FILE = "BookM Widget/Info.plist";
				INFOPLIST_KEY_CFBundleDisplayName = "BookM Widget";
				INFOPLIST_KEY_NSHumanReadableCopyright = "";
				LD_RUNPATH_SEARCH_PATHS = (
					"$(inherited)",
					"@executable_path/Frameworks",
					"@executable_path/../../Frameworks",
					"@executable_path/../../../../Frameworks",
				);
				MARKETING_VERSION = 1.0;
				PRODUCT_BUNDLE_IDENTIFIER = "com.slvnn.BookM.watchkitapp.BookM-Widget";
				PRODUCT_NAME = "$(TARGET_NAME)";
				SDKROOT = watchos;
				SKIP_INSTALL = YES;
				SWIFT_EMIT_LOC_STRINGS = YES;
				SWIFT_OPTIMIZATION_LEVEL = "-Onone";
				SWIFT_VERSION = 5.0;
				TARGETED_DEVICE_FAMILY = 4;
				WATCHOS_DEPLOYMENT_TARGET = 11.5;
			};
			name = Debug;
		};
		49A95B142E658E9400F55EC5 /* Release */ = {
			isa = XCBuildConfiguration;
			buildSettings = {
				ASSETCATALOG_COMPILER_GLOBAL_ACCENT_COLOR_NAME = AccentColor;
				ASSETCATALOG_COMPILER_WIDGET_BACKGROUND_COLOR_NAME = WidgetBackground;
				CLANG_ENABLE_MODULES = YES;
				CODE_SIGN_ENTITLEMENTS = "BookM WidgetExtension.entitlements";
				CODE_SIGN_STYLE = Automatic;
				CURRENT_PROJECT_VERSION = 1;
				DEVELOPMENT_TEAM = 3A7L2K9FN2;
				GENERATE_INFOPLIST_FILE = YES;
				INFOPLIST_FILE = "BookM Widget/Info.plist";
				INFOPLIST_KEY_CFBundleDisplayName = "BookM Widget";
				INFOPLIST_KEY_NSHumanReadableCopyright = "";
				LD_RUNPATH_SEARCH_PATHS = (
					"$(inherited)",
					"@executable_path/Frameworks",
					"@executable_path/../../Frameworks",
					"@executable_path/../../../../Frameworks",
				);
				MARKETING_VERSION = 1.0;
				PRODUCT_BUNDLE_IDENTIFIER = "com.slvnn.BookM.watchkitapp.BookM-Widget";
				PRODUCT_NAME = "$(TARGET_NAME)";
				SDKROOT = watchos;
				SKIP_INSTALL = YES;
				SWIFT_EMIT_LOC_STRINGS = YES;
				SWIFT_VERSION = 5.0;
				TARGETED_DEVICE_FAMILY = 4;
				VALIDATE_PRODUCT = YES;
				WATCHOS_DEPLOYMENT_TARGET = 11.5;
			};
			name = Release;
		};
/* End XCBuildConfiguration section */

/* Begin XCConfigurationList section */
		49A95A562E6455FC00F55EC5 /* Build configuration list for PBXProject "BookM" */ = {
			isa = XCConfigurationList;
			buildConfigurations = (
				49A95A6A2E6455FF00F55EC5 /* Debug */,
				49A95A6B2E6455FF00F55EC5 /* Release */,
			);
			defaultConfigurationIsVisible = 0;
			defaultConfigurationName = Release;
		};
		49A95A6C2E6455FF00F55EC5 /* Build configuration list for PBXNativeTarget "BookM Watch App" */ = {
			isa = XCConfigurationList;
			buildConfigurations = (
				49A95A6D2E6455FF00F55EC5 /* Debug */,
				49A95A6E2E6455FF00F55EC5 /* Release */,
			);
			defaultConfigurationIsVisible = 0;
			defaultConfigurationName = Release;
		};
		49A95A702E6455FF00F55EC5 /* Build configuration list for PBXNativeTarget "BookM" */ = {
			isa = XCConfigurationList;
			buildConfigurations = (
				49A95A712E6455FF00F55EC5 /* Debug */,
				49A95A722E6455FF00F55EC5 /* Release */,
			);
			defaultConfigurationIsVisible = 0;
			defaultConfigurationName = Release;
		};
		49A95B122E658E9400F55EC5 /* Build configuration list for PBXNativeTarget "BookM WidgetExtension" */ = {
			isa = XCConfigurationList;
			buildConfigurations = (
				49A95B132E658E9400F55EC5 /* Debug */,
				49A95B142E658E9400F55EC5 /* Release */,
			);
			defaultConfigurationIsVisible = 0;
			defaultConfigurationName = Release;
		};
/* End XCConfigurationList section */

/* Begin XCRemoteSwiftPackageReference section */
		49A95A892E646BBB00F55EC5 /* XCRemoteSwiftPackageReference "SwiftUI-Apple-Watch-Decimal-Pad" */ = {
			isa = XCRemoteSwiftPackageReference;
			repositoryURL = "https://github.com/ApplebaumIan/SwiftUI-Apple-Watch-Decimal-Pad.git";
			requirement = {
				kind = upToNextMajorVersion;
				minimumVersion = 1.0.4;
			};
		};
/* End XCRemoteSwiftPackageReference section */

/* Begin XCSwiftPackageProductDependency section */
		49A95A8A2E646BBB00F55EC5 /* SwiftUI Apple Watch Decimal Pad */ = {
			isa = XCSwiftPackageProductDependency;
			package = 49A95A892E646BBB00F55EC5 /* XCRemoteSwiftPackageReference "SwiftUI-Apple-Watch-Decimal-Pad" */;
			productName = "SwiftUI Apple Watch Decimal Pad";
		};
/* End XCSwiftPackageProductDependency section */
	};
	rootObject = 49A95A532E6455FC00F55EC5 /* Project object */;
}
